{
  "name": "web",
  "version": "1.0.0",
  "lockfileVersion": 1,
  "requires": true,
  "dependencies": {
    "query-string": {
      "version": "1.0.0",
      "resolved": "https://registry.npmmirror.com/query-string/-/query-string-1.0.0.tgz",
      "integrity": "sha512-o+P3RwlegO9E8Vf4e8RDVdhpsdmHJBPogkj21sxB4HJMMdAKVlYz6zvI1DoI8PbXpOhJM8zh2je5Q6PT61bSBw=="
    }
  }
}
